# This file was autogenerated by Stack.
# You should not edit this file by hand.
# For more information, please see the documentation at:
#   https://docs.haskellstack.org/en/stable/lock_files

packages:
- completed:
    hackage: hspec-2.6.1@sha256:2abaa8bed30616e123c36745059b6f7bf3de3d52f7220b38939d04c0a805b7e9,1769
    pantry-tree:
      size: 532
      sha256: 75d147956a84025f73234eaa43b6b6f7a4099923c761505ace7a7938204012cc
  original:
    hackage: hspec-2.6.1@sha256:2abaa8bed30616e123c36745059b6f7bf3de3d52f7220b38939d04c0a805b7e9,1769
- completed:
    hackage: hspec-core-2.6.1@sha256:0c40dab5bc2293bf71e93919e29c2b7b0204736eb1fa7191519dc0f45477fab2,4583
    pantry-tree:
      size: 3600
      sha256: 1de3ffcf6b27c99232e0067318651b34705b8197f64909055871403479d6a285
  original:
    hackage: hspec-core-2.6.1@sha256:0c40dab5bc2293bf71e93919e29c2b7b0204736eb1fa7191519dc0f45477fab2,4583
- completed:
    hackage: hspec-discover-2.6.1@sha256:c3cd149a4a53cd9c0a9c8149a72e10fba207570d8e81e94415a5baf9e61fefb1,2243
    pantry-tree:
      size: 1080
      sha256: 8c54388ed60c7fffbc42caa5ebf7fe814207ad727189caf9cdb1e975fd96bfd5
  original:
    hackage: hspec-discover-2.6.1@sha256:c3cd149a4a53cd9c0a9c8149a72e10fba207570d8e81e94415a5baf9e61fefb1,2243
- completed:
    hackage: QuickCheck-2.12.6.1@sha256:ce974f511174fbc3102bccb13d6d45781d327194f0311790b9f8db6a7cb1bab3,6336
    pantry-tree:
      size: 2046
      sha256: 1b9bf780a91762f07a63698d656234de0b68f5c8de760cc90153c01888730eb5
  original:
    hackage: QuickCheck-2.12.6.1@sha256:ce974f511174fbc3102bccb13d6d45781d327194f0311790b9f8db6a7cb1bab3,6336
snapshots:
- completed:
    size: 524162
    url: https://raw.githubusercontent.com/commercialhaskell/stackage-snapshots/master/lts/14/21.yaml
    sha256: 9a55dd75853718f2bbbe951872b36a3b7802fcd71796e0f25b8664f24e34c666
  original: lts-14.21
